// !$*UTF8*$!
{
	archiveVersion = 1;
	classes = {
	};
	objectVersion = 55;
	objects = {

/* Begin PBXBuildFile section */
		0D13A7DB269F3D0F00BD9922 /* RingtoneListViewController.swift in Sources */ = {isa = PBXBuildFile; fileRef = 0D13A7D9269F3D0F00BD9922 /* RingtoneListViewController.swift */; };
		0D13A7DC269F3D0F00BD9922 /* RingtoneListViewController.xib in Resources */ = {isa = PBXBuildFile; fileRef = 0D13A7DA269F3D0F00BD9922 /* RingtoneListViewController.xib */; };
		0D13A7DE269F3F0C00BD9922 /* Ringtone.swift in Sources */ = {isa = PBXBuildFile; fileRef = 0D13A7DD269F3F0C00BD9922 /* Ringtone.swift */; };
		0D13A7E0269F419C00BD9922 /* RingtoneListViewModel.swift in Sources */ = {isa = PBXBuildFile; fileRef = 0D13A7DF269F419C00BD9922 /* RingtoneListViewModel.swift */; };
		0D13A7E4269F443500BD9922 /* RingtoneTableViewCell.swift in Sources */ = {isa = PBXBuildFile; fileRef = 0D13A7E2269F443500BD9922 /* RingtoneTableViewCell.swift */; };
		0D13A7E5269F443500BD9922 /* RingtoneTableViewCell.xib in Resources */ = {isa = PBXBuildFile; fileRef = 0D13A7E3269F443500BD9922 /* RingtoneTableViewCell.xib */; };
		0D14535B269DA6F400458B46 /* AppDelegate.swift in Sources */ = {isa = PBXBuildFile; fileRef = 0D14535A269DA6F400458B46 /* AppDelegate.swift */; };
		0D145364269DA6F500458B46 /* Assets.xcassets in Resources */ = {isa = PBXBuildFile; fileRef = 0D145363269DA6F500458B46 /* Assets.xcassets */; };
		0D1F75D026A068DF00818C21 /* HomeViewController.swift in Sources */ = {isa = PBXBuildFile; fileRef = 0D1F75CE26A068DF00818C21 /* HomeViewController.swift */; };
		0D1F75D126A068DF00818C21 /* HomeViewController.xib in Resources */ = {isa = PBXBuildFile; fileRef = 0D1F75CF26A068DF00818C21 /* HomeViewController.xib */; };
		0D5FF04826A57456000BD241 /* OnboardingViewModel.swift in Sources */ = {isa = PBXBuildFile; fileRef = 0D5FF04726A57456000BD241 /* OnboardingViewModel.swift */; };
		0D5FF04B26A574C1000BD241 /* Onboarding1CollectionViewCell.swift in Sources */ = {isa = PBXBuildFile; fileRef = 0D5FF04926A574C1000BD241 /* Onboarding1CollectionViewCell.swift */; };
		0D5FF04C26A574C1000BD241 /* Onboarding1CollectionViewCell.xib in Resources */ = {isa = PBXBuildFile; fileRef = 0D5FF04A26A574C1000BD241 /* Onboarding1CollectionViewCell.xib */; };
		0D5FF04F26A574D2000BD241 /* Onboarding2CollectionViewCell.swift in Sources */ = {isa = PBXBuildFile; fileRef = 0D5FF04D26A574D2000BD241 /* Onboarding2CollectionViewCell.swift */; };
		0D5FF05026A574D2000BD241 /* Onboarding2CollectionViewCell.xib in Resources */ = {isa = PBXBuildFile; fileRef = 0D5FF04E26A574D2000BD241 /* Onboarding2CollectionViewCell.xib */; };
		0D60884E26A8154E0046FDF2 /* VideoPlayerView.swift in Sources */ = {isa = PBXBuildFile; fileRef = 0D60884D26A8154E0046FDF2 /* VideoPlayerView.swift */; };
		0D60885026A83E180046FDF2 /* onboarding.mp4 in Resources */ = {isa = PBXBuildFile; fileRef = 0D60884F26A83E180046FDF2 /* onboarding.mp4 */; };
		0D6CA821269EEE1300ED02D2 /* RingtonePlayerView.swift in Sources */ = {isa = PBXBuildFile; fileRef = 0D6CA820269EEE1300ED02D2 /* RingtonePlayerView.swift */; };
		0D6CA823269EF11100ED02D2 /* VerticalButton.xib in Resources */ = {isa = PBXBuildFile; fileRef = 0D6CA822269EF11100ED02D2 /* VerticalButton.xib */; };
		0D6CA825269EF15800ED02D2 /* VerticalButton.swift in Sources */ = {isa = PBXBuildFile; fileRef = 0D6CA824269EF15800ED02D2 /* VerticalButton.swift */; };
		0D6CA827269EF5AB00ED02D2 /* UIView.swift in Sources */ = {isa = PBXBuildFile; fileRef = 0D6CA826269EF5AB00ED02D2 /* UIView.swift */; };
		0DAA0AE326A0E0A9001D2C36 /* CacheManager.swift in Sources */ = {isa = PBXBuildFile; fileRef = 0DAA0AE226A0E0A9001D2C36 /* CacheManager.swift */; };
		0DAA0AEB26A0EE5D001D2C36 /* JSONParameterEncoder.swift in Sources */ = {isa = PBXBuildFile; fileRef = 0DAA0AEA26A0EE5D001D2C36 /* JSONParameterEncoder.swift */; };
		0DAA0AED26A0EE85001D2C36 /* ParameterEncoding.swift in Sources */ = {isa = PBXBuildFile; fileRef = 0DAA0AEC26A0EE85001D2C36 /* ParameterEncoding.swift */; };
		0DAA0AF126A0EEAE001D2C36 /* URLParameterEncoder.swift in Sources */ = {isa = PBXBuildFile; fileRef = 0DAA0AF026A0EEAE001D2C36 /* URLParameterEncoder.swift */; };
		0DAA0AF326A0EEE3001D2C36 /* RingtoneApi.swift in Sources */ = {isa = PBXBuildFile; fileRef = 0DAA0AF226A0EEE3001D2C36 /* RingtoneApi.swift */; };
		0DAA0AF626A0F04F001D2C36 /* NetworkManager.swift in Sources */ = {isa = PBXBuildFile; fileRef = 0DAA0AF526A0F04F001D2C36 /* NetworkManager.swift */; };
		0DAA0AF826A0F279001D2C36 /* NetworkRouter.swift in Sources */ = {isa = PBXBuildFile; fileRef = 0DAA0AF726A0F279001D2C36 /* NetworkRouter.swift */; };
		0DAA0AFA26A0F2B3001D2C36 /* EndPointType.swift in Sources */ = {isa = PBXBuildFile; fileRef = 0DAA0AF926A0F2B3001D2C36 /* EndPointType.swift */; };
		0DAA0AFC26A0F2D4001D2C36 /* HTTPMethod.swift in Sources */ = {isa = PBXBuildFile; fileRef = 0DAA0AFB26A0F2D4001D2C36 /* HTTPMethod.swift */; };
		0DAA0AFE26A0F2E7001D2C36 /* HTTPTask.swift in Sources */ = {isa = PBXBuildFile; fileRef = 0DAA0AFD26A0F2E7001D2C36 /* HTTPTask.swift */; };
		0DAA0B0026A0F300001D2C36 /* NetworkLogger.swift in Sources */ = {isa = PBXBuildFile; fileRef = 0DAA0AFF26A0F300001D2C36 /* NetworkLogger.swift */; };
		0DAA0B0426A0F581001D2C36 /* Service.swift in Sources */ = {isa = PBXBuildFile; fileRef = 0DAA0B0326A0F581001D2C36 /* Service.swift */; };
		0DAA0B0B26A1B345001D2C36 /* OnBoardingViewController.swift in Sources */ = {isa = PBXBuildFile; fileRef = 0DAA0B0926A1B345001D2C36 /* OnBoardingViewController.swift */; };
		0DAA0B0C26A1B345001D2C36 /* OnBoardingViewController.xib in Resources */ = {isa = PBXBuildFile; fileRef = 0DAA0B0A26A1B345001D2C36 /* OnBoardingViewController.xib */; };
		0DAA0B1526A1BC00001D2C36 /* memorable.mp4 in Resources */ = {isa = PBXBuildFile; fileRef = 0DAA0B1226A1BBFF001D2C36 /* memorable.mp4 */; };
		0DAA0B1626A1BC00001D2C36 /* bored.mp4 in Resources */ = {isa = PBXBuildFile; fileRef = 0DAA0B1326A1BBFF001D2C36 /* bored.mp4 */; };
		0DAA0B1726A1BC00001D2C36 /* subscription.mp4 in Resources */ = {isa = PBXBuildFile; fileRef = 0DAA0B1426A1BC00001D2C36 /* subscription.mp4 */; };
		0DAFF859269F59BA00AB1F63 /* PlayerView.swift in Sources */ = {isa = PBXBuildFile; fileRef = 0DAFF858269F59BA00AB1F63 /* PlayerView.swift */; };
		0DECFF75269DD61F00659800 /* call.json in Resources */ = {isa = PBXBuildFile; fileRef = 0DECFF74269DD61F00659800 /* call.json */; };
		0DECFF78269DD64C00659800 /* LaunchScreenViewController.swift in Sources */ = {isa = PBXBuildFile; fileRef = 0DECFF76269DD64C00659800 /* LaunchScreenViewController.swift */; };
		0DECFF79269DD64C00659800 /* LaunchScreenViewController.xib in Resources */ = {isa = PBXBuildFile; fileRef = 0DECFF77269DD64C00659800 /* LaunchScreenViewController.xib */; };
		0DECFF7C269DE9F700659800 /* SwipeUpForMoreViewController.swift in Sources */ = {isa = PBXBuildFile; fileRef = 0DECFF7A269DE9F700659800 /* SwipeUpForMoreViewController.swift */; };
		0DECFF7D269DE9F700659800 /* SwipeUpForMoreViewController.xib in Resources */ = {isa = PBXBuildFile; fileRef = 0DECFF7B269DE9F700659800 /* SwipeUpForMoreViewController.xib */; };
		0DECFF7F269DEA5200659800 /* TabbarController.swift in Sources */ = {isa = PBXBuildFile; fileRef = 0DECFF7E269DEA5200659800 /* TabbarController.swift */; };
		0DECFF83269DF6D300659800 /* UIImage.swift in Sources */ = {isa = PBXBuildFile; fileRef = 0DECFF82269DF6D300659800 /* UIImage.swift */; };
		0DECFF86269DFCB500659800 /* AppRatingViewController.swift in Sources */ = {isa = PBXBuildFile; fileRef = 0DECFF84269DFCB500659800 /* AppRatingViewController.swift */; };
		0DECFF87269DFCB500659800 /* AppRatingViewController.xib in Resources */ = {isa = PBXBuildFile; fileRef = 0DECFF85269DFCB500659800 /* AppRatingViewController.xib */; };
		0DECFF8D269E083F00659800 /* RingtonePlayerView.xib in Resources */ = {isa = PBXBuildFile; fileRef = 0DECFF8C269E083F00659800 /* RingtonePlayerView.xib */; };
		0DF6673E26A606650089AF8D /* MainNavigationController.swift in Sources */ = {isa = PBXBuildFile; fileRef = 0DF6673D26A606650089AF8D /* MainNavigationController.swift */; };
		0DF6674126A6CBEE0089AF8D /* swipe.gif in Resources */ = {isa = PBXBuildFile; fileRef = 0DF6674026A6CBEE0089AF8D /* swipe.gif */; };
		0DF6674326A6F7380089AF8D /* SubscriptionView.xib in Resources */ = {isa = PBXBuildFile; fileRef = 0DF6674226A6F7380089AF8D /* SubscriptionView.xib */; };
		0DF6674526A6F7530089AF8D /* SubscriptionView.swift in Sources */ = {isa = PBXBuildFile; fileRef = 0DF6674426A6F7530089AF8D /* SubscriptionView.swift */; };
		0DF6674826A7024E0089AF8D /* SubscriptionViewController.swift in Sources */ = {isa = PBXBuildFile; fileRef = 0DF6674626A7024E0089AF8D /* SubscriptionViewController.swift */; };
		0DF6674926A7024E0089AF8D /* SubscriptionViewController.xib in Resources */ = {isa = PBXBuildFile; fileRef = 0DF6674726A7024E0089AF8D /* SubscriptionViewController.xib */; };
		61C39E4E8ABF5643D9669676 /* Pods_RingtoneApp.framework in Frameworks */ = {isa = PBXBuildFile; fileRef = 344164AB6B8E3807A5540384 /* Pods_RingtoneApp.framework */; };
/* End PBXBuildFile section */

/* Begin PBXFileReference section */
		0D13A7D9269F3D0F00BD9922 /* RingtoneListViewController.swift */ = {isa = PBXFileReference; lastKnownFileType = sourcecode.swift; path = RingtoneListViewController.swift; sourceTree = "<group>"; };
		0D13A7DA269F3D0F00BD9922 /* RingtoneListViewController.xib */ = {isa = PBXFileReference; lastKnownFileType = file.xib; path = RingtoneListViewController.xib; sourceTree = "<group>"; };
		0D13A7DD269F3F0C00BD9922 /* Ringtone.swift */ = {isa = PBXFileReference; lastKnownFileType = sourcecode.swift; path = Ringtone.swift; sourceTree = "<group>"; };
		0D13A7DF269F419C00BD9922 /* RingtoneListViewModel.swift */ = {isa = PBXFileReference; lastKnownFileType = sourcecode.swift; path = RingtoneListViewModel.swift; sourceTree = "<group>"; };
		0D13A7E2269F443500BD9922 /* RingtoneTableViewCell.swift */ = {isa = PBXFileReference; lastKnownFileType = sourcecode.swift; path = RingtoneTableViewCell.swift; sourceTree = "<group>"; };
		0D13A7E3269F443500BD9922 /* RingtoneTableViewCell.xib */ = {isa = PBXFileReference; lastKnownFileType = file.xib; path = RingtoneTableViewCell.xib; sourceTree = "<group>"; };
		0D145357269DA6F400458B46 /* RingtoneApp.app */ = {isa = PBXFileReference; explicitFileType = wrapper.application; includeInIndex = 0; path = RingtoneApp.app; sourceTree = BUILT_PRODUCTS_DIR; };
		0D14535A269DA6F400458B46 /* AppDelegate.swift */ = {isa = PBXFileReference; lastKnownFileType = sourcecode.swift; path = AppDelegate.swift; sourceTree = "<group>"; };
		0D145363269DA6F500458B46 /* Assets.xcassets */ = {isa = PBXFileReference; lastKnownFileType = folder.assetcatalog; path = Assets.xcassets; sourceTree = "<group>"; };
		0D145368269DA6F500458B46 /* Info.plist */ = {isa = PBXFileReference; lastKnownFileType = text.plist.xml; path = Info.plist; sourceTree = "<group>"; };
		0D1F75CE26A068DF00818C21 /* HomeViewController.swift */ = {isa = PBXFileReference; lastKnownFileType = sourcecode.swift; path = HomeViewController.swift; sourceTree = "<group>"; };
		0D1F75CF26A068DF00818C21 /* HomeViewController.xib */ = {isa = PBXFileReference; lastKnownFileType = file.xib; path = HomeViewController.xib; sourceTree = "<group>"; };
		0D5FF04726A57456000BD241 /* OnboardingViewModel.swift */ = {isa = PBXFileReference; lastKnownFileType = sourcecode.swift; path = OnboardingViewModel.swift; sourceTree = "<group>"; };
		0D5FF04926A574C1000BD241 /* Onboarding1CollectionViewCell.swift */ = {isa = PBXFileReference; lastKnownFileType = sourcecode.swift; path = Onboarding1CollectionViewCell.swift; sourceTree = "<group>"; };
		0D5FF04A26A574C1000BD241 /* Onboarding1CollectionViewCell.xib */ = {isa = PBXFileReference; lastKnownFileType = file.xib; path = Onboarding1CollectionViewCell.xib; sourceTree = "<group>"; };
		0D5FF04D26A574D2000BD241 /* Onboarding2CollectionViewCell.swift */ = {isa = PBXFileReference; lastKnownFileType = sourcecode.swift; path = Onboarding2CollectionViewCell.swift; sourceTree = "<group>"; };
		0D5FF04E26A574D2000BD241 /* Onboarding2CollectionViewCell.xib */ = {isa = PBXFileReference; lastKnownFileType = file.xib; path = Onboarding2CollectionViewCell.xib; sourceTree = "<group>"; };
		0D60884D26A8154E0046FDF2 /* VideoPlayerView.swift */ = {isa = PBXFileReference; lastKnownFileType = sourcecode.swift; path = VideoPlayerView.swift; sourceTree = "<group>"; };
		0D60884F26A83E180046FDF2 /* onboarding.mp4 */ = {isa = PBXFileReference; lastKnownFileType = file; path = onboarding.mp4; sourceTree = "<group>"; };
		0D6CA820269EEE1300ED02D2 /* RingtonePlayerView.swift */ = {isa = PBXFileReference; lastKnownFileType = sourcecode.swift; path = RingtonePlayerView.swift; sourceTree = "<group>"; };
		0D6CA822269EF11100ED02D2 /* VerticalButton.xib */ = {isa = PBXFileReference; lastKnownFileType = file.xib; path = VerticalButton.xib; sourceTree = "<group>"; };
		0D6CA824269EF15800ED02D2 /* VerticalButton.swift */ = {isa = PBXFileReference; lastKnownFileType = sourcecode.swift; path = VerticalButton.swift; sourceTree = "<group>"; };
		0D6CA826269EF5AB00ED02D2 /* UIView.swift */ = {isa = PBXFileReference; lastKnownFileType = sourcecode.swift; path = UIView.swift; sourceTree = "<group>"; };
		0D843F68269DBB9A00C6275E /* RxCocoa.framework */ = {isa = PBXFileReference; explicitFileType = wrapper.framework; path = RxCocoa.framework; sourceTree = BUILT_PRODUCTS_DIR; };
		0D843F69269DBB9A00C6275E /* RxRelay.framework */ = {isa = PBXFileReference; explicitFileType = wrapper.framework; path = RxRelay.framework; sourceTree = BUILT_PRODUCTS_DIR; };
		0D843F6A269DBB9A00C6275E /* RxSwift.framework */ = {isa = PBXFileReference; explicitFileType = wrapper.framework; path = RxSwift.framework; sourceTree = BUILT_PRODUCTS_DIR; };
		0D8520EB26A56B3F0078D332 /* AVFoundation.framework */ = {isa = PBXFileReference; lastKnownFileType = wrapper.framework; name = AVFoundation.framework; path = System/Library/Frameworks/AVFoundation.framework; sourceTree = SDKROOT; };
		0DAA0AE226A0E0A9001D2C36 /* CacheManager.swift */ = {isa = PBXFileReference; lastKnownFileType = sourcecode.swift; path = CacheManager.swift; sourceTree = "<group>"; };
		0DAA0AEA26A0EE5D001D2C36 /* JSONParameterEncoder.swift */ = {isa = PBXFileReference; lastKnownFileType = sourcecode.swift; path = JSONParameterEncoder.swift; sourceTree = "<group>"; };
		0DAA0AEC26A0EE85001D2C36 /* ParameterEncoding.swift */ = {isa = PBXFileReference; lastKnownFileType = sourcecode.swift; path = ParameterEncoding.swift; sourceTree = "<group>"; };
		0DAA0AF026A0EEAE001D2C36 /* URLParameterEncoder.swift */ = {isa = PBXFileReference; lastKnownFileType = sourcecode.swift; path = URLParameterEncoder.swift; sourceTree = "<group>"; };
		0DAA0AF226A0EEE3001D2C36 /* RingtoneApi.swift */ = {isa = PBXFileReference; lastKnownFileType = sourcecode.swift; path = RingtoneApi.swift; sourceTree = "<group>"; };
		0DAA0AF526A0F04F001D2C36 /* NetworkManager.swift */ = {isa = PBXFileReference; lastKnownFileType = sourcecode.swift; path = NetworkManager.swift; sourceTree = "<group>"; };
		0DAA0AF726A0F279001D2C36 /* NetworkRouter.swift */ = {isa = PBXFileReference; lastKnownFileType = sourcecode.swift; path = NetworkRouter.swift; sourceTree = "<group>"; };
		0DAA0AF926A0F2B3001D2C36 /* EndPointType.swift */ = {isa = PBXFileReference; lastKnownFileType = sourcecode.swift; path = EndPointType.swift; sourceTree = "<group>"; };
		0DAA0AFB26A0F2D4001D2C36 /* HTTPMethod.swift */ = {isa = PBXFileReference; lastKnownFileType = sourcecode.swift; path = HTTPMethod.swift; sourceTree = "<group>"; };
		0DAA0AFD26A0F2E7001D2C36 /* HTTPTask.swift */ = {isa = PBXFileReference; lastKnownFileType = sourcecode.swift; path = HTTPTask.swift; sourceTree = "<group>"; };
		0DAA0AFF26A0F300001D2C36 /* NetworkLogger.swift */ = {isa = PBXFileReference; lastKnownFileType = sourcecode.swift; path = NetworkLogger.swift; sourceTree = "<group>"; };
		0DAA0B0326A0F581001D2C36 /* Service.swift */ = {isa = PBXFileReference; lastKnownFileType = sourcecode.swift; path = Service.swift; sourceTree = "<group>"; };
		0DAA0B0926A1B345001D2C36 /* OnBoardingViewController.swift */ = {isa = PBXFileReference; lastKnownFileType = sourcecode.swift; path = OnBoardingViewController.swift; sourceTree = "<group>"; };
		0DAA0B0A26A1B345001D2C36 /* OnBoardingViewController.xib */ = {isa = PBXFileReference; lastKnownFileType = file.xib; path = OnBoardingViewController.xib; sourceTree = "<group>"; };
		0DAA0B1226A1BBFF001D2C36 /* memorable.mp4 */ = {isa = PBXFileReference; lastKnownFileType = file; path = memorable.mp4; sourceTree = "<group>"; };
		0DAA0B1326A1BBFF001D2C36 /* bored.mp4 */ = {isa = PBXFileReference; lastKnownFileType = file; path = bored.mp4; sourceTree = "<group>"; };
		0DAA0B1426A1BC00001D2C36 /* subscription.mp4 */ = {isa = PBXFileReference; lastKnownFileType = file; path = subscription.mp4; sourceTree = "<group>"; };
		0DAFF858269F59BA00AB1F63 /* PlayerView.swift */ = {isa = PBXFileReference; lastKnownFileType = sourcecode.swift; path = PlayerView.swift; sourceTree = "<group>"; };
		0DECFF74269DD61F00659800 /* call.json */ = {isa = PBXFileReference; fileEncoding = 4; lastKnownFileType = text.json; path = call.json; sourceTree = "<group>"; };
		0DECFF76269DD64C00659800 /* LaunchScreenViewController.swift */ = {isa = PBXFileReference; lastKnownFileType = sourcecode.swift; path = LaunchScreenViewController.swift; sourceTree = "<group>"; };
		0DECFF77269DD64C00659800 /* LaunchScreenViewController.xib */ = {isa = PBXFileReference; lastKnownFileType = file.xib; path = LaunchScreenViewController.xib; sourceTree = "<group>"; };
		0DECFF7A269DE9F700659800 /* SwipeUpForMoreViewController.swift */ = {isa = PBXFileReference; lastKnownFileType = sourcecode.swift; path = SwipeUpForMoreViewController.swift; sourceTree = "<group>"; };
		0DECFF7B269DE9F700659800 /* SwipeUpForMoreViewController.xib */ = {isa = PBXFileReference; lastKnownFileType = file.xib; path = SwipeUpForMoreViewController.xib; sourceTree = "<group>"; };
		0DECFF7E269DEA5200659800 /* TabbarController.swift */ = {isa = PBXFileReference; lastKnownFileType = sourcecode.swift; path = TabbarController.swift; sourceTree = "<group>"; };
		0DECFF82269DF6D300659800 /* UIImage.swift */ = {isa = PBXFileReference; lastKnownFileType = sourcecode.swift; path = UIImage.swift; sourceTree = "<group>"; };
		0DECFF84269DFCB500659800 /* AppRatingViewController.swift */ = {isa = PBXFileReference; lastKnownFileType = sourcecode.swift; path = AppRatingViewController.swift; sourceTree = "<group>"; };
		0DECFF85269DFCB500659800 /* AppRatingViewController.xib */ = {isa = PBXFileReference; lastKnownFileType = file.xib; path = AppRatingViewController.xib; sourceTree = "<group>"; };
		0DECFF8C269E083F00659800 /* RingtonePlayerView.xib */ = {isa = PBXFileReference; lastKnownFileType = file.xib; path = RingtonePlayerView.xib; sourceTree = "<group>"; };
		0DF6673D26A606650089AF8D /* MainNavigationController.swift */ = {isa = PBXFileReference; lastKnownFileType = sourcecode.swift; path = MainNavigationController.swift; sourceTree = "<group>"; };
		0DF6674026A6CBEE0089AF8D /* swipe.gif */ = {isa = PBXFileReference; lastKnownFileType = image.gif; path = swipe.gif; sourceTree = "<group>"; };
		0DF6674226A6F7380089AF8D /* SubscriptionView.xib */ = {isa = PBXFileReference; lastKnownFileType = file.xib; path = SubscriptionView.xib; sourceTree = "<group>"; };
		0DF6674426A6F7530089AF8D /* SubscriptionView.swift */ = {isa = PBXFileReference; lastKnownFileType = sourcecode.swift; path = SubscriptionView.swift; sourceTree = "<group>"; };
		0DF6674626A7024E0089AF8D /* SubscriptionViewController.swift */ = {isa = PBXFileReference; lastKnownFileType = sourcecode.swift; path = SubscriptionViewController.swift; sourceTree = "<group>"; };
		0DF6674726A7024E0089AF8D /* SubscriptionViewController.xib */ = {isa = PBXFileReference; lastKnownFileType = file.xib; path = SubscriptionViewController.xib; sourceTree = "<group>"; };
		18723D9EAD9FE905B91C4A47 /* Pods-RingtoneApp.debug.xcconfig */ = {isa = PBXFileReference; includeInIndex = 1; lastKnownFileType = text.xcconfig; name = "Pods-RingtoneApp.debug.xcconfig"; path = "Target Support Files/Pods-RingtoneApp/Pods-RingtoneApp.debug.xcconfig"; sourceTree = "<group>"; };
		344164AB6B8E3807A5540384 /* Pods_RingtoneApp.framework */ = {isa = PBXFileReference; explicitFileType = wrapper.framework; includeInIndex = 0; path = Pods_RingtoneApp.framework; sourceTree = BUILT_PRODUCTS_DIR; };
		49A99A64EA5F655E819606F5 /* Pods-RingtoneApp.release.xcconfig */ = {isa = PBXFileReference; includeInIndex = 1; lastKnownFileType = text.xcconfig; name = "Pods-RingtoneApp.release.xcconfig"; path = "Target Support Files/Pods-RingtoneApp/Pods-RingtoneApp.release.xcconfig"; sourceTree = "<group>"; };
/* End PBXFileReference section */

/* Begin PBXFrameworksBuildPhase section */
		0D145354269DA6F400458B46 /* Frameworks */ = {
			isa = PBXFrameworksBuildPhase;
			buildActionMask = 2147483647;
			files = (
				61C39E4E8ABF5643D9669676 /* Pods_RingtoneApp.framework in Frameworks */,
			);
			runOnlyForDeploymentPostprocessing = 0;
		};
/* End PBXFrameworksBuildPhase section */

/* Begin PBXGroup section */
		0D13A7E1269F441500BD9922 /* Cell */ = {
			isa = PBXGroup;
			children = (
				0D13A7E2269F443500BD9922 /* RingtoneTableViewCell.swift */,
				0D13A7E3269F443500BD9922 /* RingtoneTableViewCell.xib */,
				0D5FF04926A574C1000BD241 /* Onboarding1CollectionViewCell.swift */,
				0D5FF04A26A574C1000BD241 /* Onboarding1CollectionViewCell.xib */,
				0D5FF04D26A574D2000BD241 /* Onboarding2CollectionViewCell.swift */,
				0D5FF04E26A574D2000BD241 /* Onboarding2CollectionViewCell.xib */,
			);
			path = Cell;
			sourceTree = "<group>";
		};
		0D14534E269DA6F400458B46 = {
			isa = PBXGroup;
			children = (
				0D145359269DA6F400458B46 /* RingtoneApp */,
				0D145358269DA6F400458B46 /* Products */,
				371AE4C9B3C49EA9611A34A5 /* Pods */,
				5192DEE7D4C9D1BD1A265A4A /* Frameworks */,
			);
			sourceTree = "<group>";
		};
		0D145358269DA6F400458B46 /* Products */ = {
			isa = PBXGroup;
			children = (
				0D145357269DA6F400458B46 /* RingtoneApp.app */,
			);
			name = Products;
			sourceTree = "<group>";
		};
		0D145359269DA6F400458B46 /* RingtoneApp */ = {
			isa = PBXGroup;
			children = (
				0D14536E269DA77400458B46 /* App */,
				0D145372269DA79500458B46 /* Model */,
				0D145370269DA78900458B46 /* View */,
				0D145371269DA78F00458B46 /* ViewModel */,
				0D145373269DA79D00458B46 /* Networking */,
				0DAA0AE126A0E08D001D2C36 /* Manager */,
				0DECFF80269DF6A800659800 /* Extensions */,
				0D14536F269DA77A00458B46 /* Assets */,
			);
			path = RingtoneApp;
			sourceTree = "<group>";
		};
		0D14536E269DA77400458B46 /* App */ = {
			isa = PBXGroup;
			children = (
				0D14535A269DA6F400458B46 /* AppDelegate.swift */,
			);
			path = App;
			sourceTree = "<group>";
		};
		0D14536F269DA77A00458B46 /* Assets */ = {
			isa = PBXGroup;
			children = (
				0DF6673F26A6C7F50089AF8D /* GIF */,
				0DAA0B1126A1BBB2001D2C36 /* Video */,
				0DECFF73269DD60400659800 /* JSON */,
				0D145363269DA6F500458B46 /* Assets.xcassets */,
				0D145368269DA6F500458B46 /* Info.plist */,
			);
			path = Assets;
			sourceTree = "<group>";
		};
		0D145370269DA78900458B46 /* View */ = {
			isa = PBXGroup;
			children = (
				0DECFF89269E064B00659800 /* ViewController */,
				0DECFF88269E064400659800 /* View */,
				0D13A7E1269F441500BD9922 /* Cell */,
			);
			path = View;
			sourceTree = "<group>";
		};
		0D145371269DA78F00458B46 /* ViewModel */ = {
			isa = PBXGroup;
			children = (
				0D13A7DF269F419C00BD9922 /* RingtoneListViewModel.swift */,
				0D5FF04726A57456000BD241 /* OnboardingViewModel.swift */,
			);
			path = ViewModel;
			sourceTree = "<group>";
		};
		0D145372269DA79500458B46 /* Model */ = {
			isa = PBXGroup;
			children = (
				0D13A7DD269F3F0C00BD9922 /* Ringtone.swift */,
			);
			path = Model;
			sourceTree = "<group>";
		};
		0D145373269DA79D00458B46 /* Networking */ = {
			isa = PBXGroup;
			children = (
				0DAA0AE726A0EE2C001D2C36 /* Encoding */,
				0DAA0AE926A0EE3B001D2C36 /* Service */,
				0DAA0AE826A0EE36001D2C36 /* Manager */,
				0DAA0AE626A0EE24001D2C36 /* Endpoint */,
			);
			path = Networking;
			sourceTree = "<group>";
		};
		0D5FF04626A57141000BD241 /* Shared */ = {
			isa = PBXGroup;
			children = (
				0DECFF7A269DE9F700659800 /* SwipeUpForMoreViewController.swift */,
				0DECFF7B269DE9F700659800 /* SwipeUpForMoreViewController.xib */,
				0DECFF7E269DEA5200659800 /* TabbarController.swift */,
				0DECFF84269DFCB500659800 /* AppRatingViewController.swift */,
				0DECFF85269DFCB500659800 /* AppRatingViewController.xib */,
				0D13A7D9269F3D0F00BD9922 /* RingtoneListViewController.swift */,
				0D13A7DA269F3D0F00BD9922 /* RingtoneListViewController.xib */,
				0D1F75CE26A068DF00818C21 /* HomeViewController.swift */,
				0D1F75CF26A068DF00818C21 /* HomeViewController.xib */,
				0DF6673D26A606650089AF8D /* MainNavigationController.swift */,
				0DF6674626A7024E0089AF8D /* SubscriptionViewController.swift */,
				0DF6674726A7024E0089AF8D /* SubscriptionViewController.xib */,
			);
			path = Shared;
			sourceTree = "<group>";
		};
		0D8520ED26A56C250078D332 /* Launch */ = {
			isa = PBXGroup;
			children = (
				0DECFF76269DD64C00659800 /* LaunchScreenViewController.swift */,
				0DECFF77269DD64C00659800 /* LaunchScreenViewController.xib */,
			);
			path = Launch;
			sourceTree = "<group>";
		};
		0D8520EE26A56C310078D332 /* Onboarding */ = {
			isa = PBXGroup;
			children = (
				0DAA0B0926A1B345001D2C36 /* OnBoardingViewController.swift */,
				0DAA0B0A26A1B345001D2C36 /* OnBoardingViewController.xib */,
			);
			path = Onboarding;
			sourceTree = "<group>";
		};
		0DAA0AE126A0E08D001D2C36 /* Manager */ = {
			isa = PBXGroup;
			children = (
				0DAA0AE226A0E0A9001D2C36 /* CacheManager.swift */,
			);
			path = Manager;
			sourceTree = "<group>";
		};
		0DAA0AE626A0EE24001D2C36 /* Endpoint */ = {
			isa = PBXGroup;
			children = (
				0DAA0AF226A0EEE3001D2C36 /* RingtoneApi.swift */,
			);
			path = Endpoint;
			sourceTree = "<group>";
		};
		0DAA0AE726A0EE2C001D2C36 /* Encoding */ = {
			isa = PBXGroup;
			children = (
				0DAA0AEC26A0EE85001D2C36 /* ParameterEncoding.swift */,
				0DAA0AEA26A0EE5D001D2C36 /* JSONParameterEncoder.swift */,
				0DAA0AF026A0EEAE001D2C36 /* URLParameterEncoder.swift */,
			);
			path = Encoding;
			sourceTree = "<group>";
		};
		0DAA0AE826A0EE36001D2C36 /* Manager */ = {
			isa = PBXGroup;
			children = (
				0DAA0AF526A0F04F001D2C36 /* NetworkManager.swift */,
			);
			path = Manager;
			sourceTree = "<group>";
		};
		0DAA0AE926A0EE3B001D2C36 /* Service */ = {
			isa = PBXGroup;
			children = (
				0DAA0AF726A0F279001D2C36 /* NetworkRouter.swift */,
				0DAA0AF926A0F2B3001D2C36 /* EndPointType.swift */,
				0DAA0AFB26A0F2D4001D2C36 /* HTTPMethod.swift */,
				0DAA0AFD26A0F2E7001D2C36 /* HTTPTask.swift */,
				0DAA0AFF26A0F300001D2C36 /* NetworkLogger.swift */,
				0DAA0B0326A0F581001D2C36 /* Service.swift */,
			);
			path = Service;
			sourceTree = "<group>";
		};
		0DAA0B1126A1BBB2001D2C36 /* Video */ = {
			isa = PBXGroup;
			children = (
				0D60884F26A83E180046FDF2 /* onboarding.mp4 */,
				0DAA0B1326A1BBFF001D2C36 /* bored.mp4 */,
				0DAA0B1226A1BBFF001D2C36 /* memorable.mp4 */,
				0DAA0B1426A1BC00001D2C36 /* subscription.mp4 */,
			);
			path = Video;
			sourceTree = "<group>";
		};
		0DECFF73269DD60400659800 /* JSON */ = {
			isa = PBXGroup;
			children = (
				0DECFF74269DD61F00659800 /* call.json */,
			);
			path = JSON;
			sourceTree = "<group>";
		};
		0DECFF80269DF6A800659800 /* Extensions */ = {
			isa = PBXGroup;
			children = (
				0DECFF82269DF6D300659800 /* UIImage.swift */,
				0D6CA826269EF5AB00ED02D2 /* UIView.swift */,
			);
			path = Extensions;
			sourceTree = "<group>";
		};
		0DECFF88269E064400659800 /* View */ = {
			isa = PBXGroup;
			children = (
				0D6CA820269EEE1300ED02D2 /* RingtonePlayerView.swift */,
				0DECFF8C269E083F00659800 /* RingtonePlayerView.xib */,
				0D6CA824269EF15800ED02D2 /* VerticalButton.swift */,
				0D6CA822269EF11100ED02D2 /* VerticalButton.xib */,
				0DAFF858269F59BA00AB1F63 /* PlayerView.swift */,
				0DF6674426A6F7530089AF8D /* SubscriptionView.swift */,
				0DF6674226A6F7380089AF8D /* SubscriptionView.xib */,
				0D60884D26A8154E0046FDF2 /* VideoPlayerView.swift */,
			);
			path = View;
			sourceTree = "<group>";
		};
		0DECFF89269E064B00659800 /* ViewController */ = {
			isa = PBXGroup;
			children = (
				0D8520EE26A56C310078D332 /* Onboarding */,
				0D8520ED26A56C250078D332 /* Launch */,
				0D5FF04626A57141000BD241 /* Shared */,
			);
			path = ViewController;
			sourceTree = "<group>";
		};
		0DF6673F26A6C7F50089AF8D /* GIF */ = {
			isa = PBXGroup;
			children = (
				0DF6674026A6CBEE0089AF8D /* swipe.gif */,
			);
			path = GIF;
			sourceTree = "<group>";
		};
		371AE4C9B3C49EA9611A34A5 /* Pods */ = {
			isa = PBXGroup;
			children = (
				18723D9EAD9FE905B91C4A47 /* Pods-RingtoneApp.debug.xcconfig */,
				49A99A64EA5F655E819606F5 /* Pods-RingtoneApp.release.xcconfig */,
			);
			path = Pods;
			sourceTree = "<group>";
		};
		5192DEE7D4C9D1BD1A265A4A /* Frameworks */ = {
			isa = PBXGroup;
			children = (
				0D8520EB26A56B3F0078D332 /* AVFoundation.framework */,
				0D843F68269DBB9A00C6275E /* RxCocoa.framework */,
				0D843F69269DBB9A00C6275E /* RxRelay.framework */,
				0D843F6A269DBB9A00C6275E /* RxSwift.framework */,
				344164AB6B8E3807A5540384 /* Pods_RingtoneApp.framework */,
			);
			name = Frameworks;
			sourceTree = "<group>";
		};
/* End PBXGroup section */

/* Begin PBXNativeTarget section */
		0D145356269DA6F400458B46 /* RingtoneApp */ = {
			isa = PBXNativeTarget;
			buildConfigurationList = 0D14536B269DA6F500458B46 /* Build configuration list for PBXNativeTarget "RingtoneApp" */;
			buildPhases = (
				4F07268ADD61EB5EF5FD3F7A /* [CP] Check Pods Manifest.lock */,
				0D145353269DA6F400458B46 /* Sources */,
				0D145354269DA6F400458B46 /* Frameworks */,
				0D145355269DA6F400458B46 /* Resources */,
				DA40320BF27BD45F79C2944D /* [CP] Embed Pods Frameworks */,
			);
			buildRules = (
			);
			dependencies = (
			);
			name = RingtoneApp;
			productName = RingtoneApp;
			productReference = 0D145357269DA6F400458B46 /* RingtoneApp.app */;
			productType = "com.apple.product-type.application";
		};
/* End PBXNativeTarget section */

/* Begin PBXProject section */
		0D14534F269DA6F400458B46 /* Project object */ = {
			isa = PBXProject;
			attributes = {
				BuildIndependentTargetsInParallel = 1;
				LastSwiftUpdateCheck = 1300;
				LastUpgradeCheck = 1300;
				TargetAttributes = {
					0D145356269DA6F400458B46 = {
						CreatedOnToolsVersion = 13.0;
					};
				};
			};
			buildConfigurationList = 0D145352269DA6F400458B46 /* Build configuration list for PBXProject "RingtoneApp" */;
			compatibilityVersion = "Xcode 13.0";
			developmentRegion = en;
			hasScannedForEncodings = 0;
			knownRegions = (
				en,
				Base,
			);
			mainGroup = 0D14534E269DA6F400458B46;
			productRefGroup = 0D145358269DA6F400458B46 /* Products */;
			projectDirPath = "";
			projectRoot = "";
			targets = (
				0D145356269DA6F400458B46 /* RingtoneApp */,
			);
		};
/* End PBXProject section */

/* Begin PBXResourcesBuildPhase section */
		0D145355269DA6F400458B46 /* Resources */ = {
			isa = PBXResourcesBuildPhase;
			buildActionMask = 2147483647;
			files = (
				0D13A7DC269F3D0F00BD9922 /* RingtoneListViewController.xib in Resources */,
				0DF6674126A6CBEE0089AF8D /* swipe.gif in Resources */,
				0D5FF04C26A574C1000BD241 /* Onboarding1CollectionViewCell.xib in Resources */,
				0DECFF75269DD61F00659800 /* call.json in Resources */,
				0DECFF87269DFCB500659800 /* AppRatingViewController.xib in Resources */,
				0DAA0B0C26A1B345001D2C36 /* OnBoardingViewController.xib in Resources */,
				0DF6674926A7024E0089AF8D /* SubscriptionViewController.xib in Resources */,
				0D145364269DA6F500458B46 /* Assets.xcassets in Resources */,
				0DF6674326A6F7380089AF8D /* SubscriptionView.xib in Resources */,
				0D60885026A83E180046FDF2 /* onboarding.mp4 in Resources */,
				0D5FF05026A574D2000BD241 /* Onboarding2CollectionViewCell.xib in Resources */,
				0D13A7E5269F443500BD9922 /* RingtoneTableViewCell.xib in Resources */,
				0DAA0B1526A1BC00001D2C36 /* memorable.mp4 in Resources */,
				0DECFF7D269DE9F700659800 /* SwipeUpForMoreViewController.xib in Resources */,
				0D6CA823269EF11100ED02D2 /* VerticalButton.xib in Resources */,
				0D1F75D126A068DF00818C21 /* HomeViewController.xib in Resources */,
				0DAA0B1726A1BC00001D2C36 /* subscription.mp4 in Resources */,
				0DECFF79269DD64C00659800 /* LaunchScreenViewController.xib in Resources */,
				0DAA0B1626A1BC00001D2C36 /* bored.mp4 in Resources */,
				0DECFF8D269E083F00659800 /* RingtonePlayerView.xib in Resources */,
			);
			runOnlyForDeploymentPostprocessing = 0;
		};
/* End PBXResourcesBuildPhase section */

/* Begin PBXShellScriptBuildPhase section */
		4F07268ADD61EB5EF5FD3F7A /* [CP] Check Pods Manifest.lock */ = {
			isa = PBXShellScriptBuildPhase;
			buildActionMask = 2147483647;
			files = (
			);
			inputFileListPaths = (
			);
			inputPaths = (
				"${PODS_PODFILE_DIR_PATH}/Podfile.lock",
				"${PODS_ROOT}/Manifest.lock",
			);
			name = "[CP] Check Pods Manifest.lock";
			outputFileListPaths = (
			);
			outputPaths = (
				"$(DERIVED_FILE_DIR)/Pods-RingtoneApp-checkManifestLockResult.txt",
			);
			runOnlyForDeploymentPostprocessing = 0;
			shellPath = /bin/sh;
			shellScript = "diff \"${PODS_PODFILE_DIR_PATH}/Podfile.lock\" \"${PODS_ROOT}/Manifest.lock\" > /dev/null\nif [ $? != 0 ] ; then\n    # print error to STDERR\n    echo \"error: The sandbox is not in sync with the Podfile.lock. Run 'pod install' or update your CocoaPods installation.\" >&2\n    exit 1\nfi\n# This output is used by Xcode 'outputs' to avoid re-running this script phase.\necho \"SUCCESS\" > \"${SCRIPT_OUTPUT_FILE_0}\"\n";
			showEnvVarsInLog = 0;
		};
		DA40320BF27BD45F79C2944D /* [CP] Embed Pods Frameworks */ = {
			isa = PBXShellScriptBuildPhase;
			buildActionMask = 2147483647;
			files = (
			);
			inputFileListPaths = (
				"${PODS_ROOT}/Target Support Files/Pods-RingtoneApp/Pods-RingtoneApp-frameworks-${CONFIGURATION}-input-files.xcfilelist",
			);
			name = "[CP] Embed Pods Frameworks";
			outputFileListPaths = (
				"${PODS_ROOT}/Target Support Files/Pods-RingtoneApp/Pods-RingtoneApp-frameworks-${CONFIGURATION}-output-files.xcfilelist",
			);
			runOnlyForDeploymentPostprocessing = 0;
			shellPath = /bin/sh;
			shellScript = "\"${PODS_ROOT}/Target Support Files/Pods-RingtoneApp/Pods-RingtoneApp-frameworks.sh\"\n";
			showEnvVarsInLog = 0;
		};
/* End PBXShellScriptBuildPhase section */

/* Begin PBXSourcesBuildPhase section */
		0D145353269DA6F400458B46 /* Sources */ = {
			isa = PBXSourcesBuildPhase;
			buildActionMask = 2147483647;
			files = (
				0D13A7E0269F419C00BD9922 /* RingtoneListViewModel.swift in Sources */,
				0D5FF04B26A574C1000BD241 /* Onboarding1CollectionViewCell.swift in Sources */,
				0D13A7DB269F3D0F00BD9922 /* RingtoneListViewController.swift in Sources */,
				0DECFF78269DD64C00659800 /* LaunchScreenViewController.swift in Sources */,
				0DAA0AF626A0F04F001D2C36 /* NetworkManager.swift in Sources */,
				0DECFF86269DFCB500659800 /* AppRatingViewController.swift in Sources */,
				0DF6674826A7024E0089AF8D /* SubscriptionViewController.swift in Sources */,
				0DAA0B0426A0F581001D2C36 /* Service.swift in Sources */,
				0D13A7DE269F3F0C00BD9922 /* Ringtone.swift in Sources */,
				0D1F75D026A068DF00818C21 /* HomeViewController.swift in Sources */,
				0DAA0AFC26A0F2D4001D2C36 /* HTTPMethod.swift in Sources */,
				0DAA0B0B26A1B345001D2C36 /* OnBoardingViewController.swift in Sources */,
				0DAA0AFA26A0F2B3001D2C36 /* EndPointType.swift in Sources */,
				0DECFF83269DF6D300659800 /* UIImage.swift in Sources */,
				0DAA0AF126A0EEAE001D2C36 /* URLParameterEncoder.swift in Sources */,
				0DECFF7C269DE9F700659800 /* SwipeUpForMoreViewController.swift in Sources */,
				0DECFF7F269DEA5200659800 /* TabbarController.swift in Sources */,
				0D6CA825269EF15800ED02D2 /* VerticalButton.swift in Sources */,
				0DAA0B0026A0F300001D2C36 /* NetworkLogger.swift in Sources */,
				0DF6673E26A606650089AF8D /* MainNavigationController.swift in Sources */,
				0DAFF859269F59BA00AB1F63 /* PlayerView.swift in Sources */,
				0D14535B269DA6F400458B46 /* AppDelegate.swift in Sources */,
				0D5FF04F26A574D2000BD241 /* Onboarding2CollectionViewCell.swift in Sources */,
				0DAA0AE326A0E0A9001D2C36 /* CacheManager.swift in Sources */,
				0DF6674526A6F7530089AF8D /* SubscriptionView.swift in Sources */,
				0DAA0AFE26A0F2E7001D2C36 /* HTTPTask.swift in Sources */,
				0DAA0AF826A0F279001D2C36 /* NetworkRouter.swift in Sources */,
				0DAA0AED26A0EE85001D2C36 /* ParameterEncoding.swift in Sources */,
				0DAA0AEB26A0EE5D001D2C36 /* JSONParameterEncoder.swift in Sources */,
				0D5FF04826A57456000BD241 /* OnboardingViewModel.swift in Sources */,
				0D13A7E4269F443500BD9922 /* RingtoneTableViewCell.swift in Sources */,
				0D6CA827269EF5AB00ED02D2 /* UIView.swift in Sources */,
				0DAA0AF326A0EEE3001D2C36 /* RingtoneApi.swift in Sources */,
				0D6CA821269EEE1300ED02D2 /* RingtonePlayerView.swift in Sources */,
				0D60884E26A8154E0046FDF2 /* VideoPlayerView.swift in Sources */,
			);
			runOnlyForDeploymentPostprocessing = 0;
		};
/* End PBXSourcesBuildPhase section */

/* Begin XCBuildConfiguration section */
		0D145369269DA6F500458B46 /* Debug */ = {
			isa = XCBuildConfiguration;
			buildSettings = {
				ALWAYS_SEARCH_USER_PATHS = NO;
				CLANG_ANALYZER_NONNULL = YES;
				CLANG_ANALYZER_NUMBER_OBJECT_CONVERSION = YES_AGGRESSIVE;
				CLANG_CXX_LANGUAGE_STANDARD = "gnu++14";
				CLANG_CXX_LIBRARY = "libc++";
				CLANG_ENABLE_MODULES = YES;
				CLANG_ENABLE_OBJC_ARC = YES;
				CLANG_ENABLE_OBJC_WEAK = YES;
				CLANG_WARN_BLOCK_CAPTURE_AUTORELEASING = YES;
				CLANG_WARN_BOOL_CONVERSION = YES;
				CLANG_WARN_COMMA = YES;
				CLANG_WARN_CONSTANT_CONVERSION = YES;
				CLANG_WARN_DEPRECATED_OBJC_IMPLEMENTATIONS = YES;
				CLANG_WARN_DIRECT_OBJC_ISA_USAGE = YES_ERROR;
				CLANG_WARN_DOCUMENTATION_COMMENTS = YES;
				CLANG_WARN_EMPTY_BODY = YES;
				CLANG_WARN_ENUM_CONVERSION = YES;
				CLANG_WARN_INFINITE_RECURSION = YES;
				CLANG_WARN_INT_CONVERSION = YES;
				CLANG_WARN_NON_LITERAL_NULL_CONVERSION = YES;
				CLANG_WARN_OBJC_IMPLICIT_RETAIN_SELF = YES;
				CLANG_WARN_OBJC_LITERAL_CONVERSION = YES;
				CLANG_WARN_OBJC_ROOT_CLASS = YES_ERROR;
				CLANG_WARN_QUOTED_INCLUDE_IN_FRAMEWORK_HEADER = YES;
				CLANG_WARN_RANGE_LOOP_ANALYSIS = YES;
				CLANG_WARN_STRICT_PROTOTYPES = YES;
				CLANG_WARN_SUSPICIOUS_MOVE = YES;
				CLANG_WARN_UNGUARDED_AVAILABILITY = YES_AGGRESSIVE;
				CLANG_WARN_UNREACHABLE_CODE = YES;
				CLANG_WARN__DUPLICATE_METHOD_MATCH = YES;
				COPY_PHASE_STRIP = NO;
				DEBUG_INFORMATION_FORMAT = dwarf;
				ENABLE_STRICT_OBJC_MSGSEND = YES;
				ENABLE_TESTABILITY = YES;
				GCC_C_LANGUAGE_STANDARD = gnu11;
				GCC_DYNAMIC_NO_PIC = NO;
				GCC_NO_COMMON_BLOCKS = YES;
				GCC_OPTIMIZATION_LEVEL = 0;
				GCC_PREPROCESSOR_DEFINITIONS = (
					"DEBUG=1",
					"$(inherited)",
				);
				GCC_WARN_64_TO_32_BIT_CONVERSION = YES;
				GCC_WARN_ABOUT_RETURN_TYPE = YES_ERROR;
				GCC_WARN_UNDECLARED_SELECTOR = YES;
				GCC_WARN_UNINITIALIZED_AUTOS = YES_AGGRESSIVE;
				GCC_WARN_UNUSED_FUNCTION = YES;
				GCC_WARN_UNUSED_VARIABLE = YES;
				IPHONEOS_DEPLOYMENT_TARGET = 15.0;
				MTL_ENABLE_DEBUG_INFO = INCLUDE_SOURCE;
				MTL_FAST_MATH = YES;
				ONLY_ACTIVE_ARCH = YES;
				SDKROOT = iphoneos;
				SWIFT_ACTIVE_COMPILATION_CONDITIONS = DEBUG;
				SWIFT_OPTIMIZATION_LEVEL = "-Onone";
			};
			name = Debug;
		};
		0D14536A269DA6F500458B46 /* Release */ = {
			isa = XCBuildConfiguration;
			buildSettings = {
				ALWAYS_SEARCH_USER_PATHS = NO;
				CLANG_ANALYZER_NONNULL = YES;
				CLANG_ANALYZER_NUMBER_OBJECT_CONVERSION = YES_AGGRESSIVE;
				CLANG_CXX_LANGUAGE_STANDARD = "gnu++14";
				CLANG_CXX_LIBRARY = "libc++";
				CLANG_ENABLE_MODULES = YES;
				CLANG_ENABLE_OBJC_ARC = YES;
				CLANG_ENABLE_OBJC_WEAK = YES;
				CLANG_WARN_BLOCK_CAPTURE_AUTORELEASING = YES;
				CLANG_WARN_BOOL_CONVERSION = YES;
				CLANG_WARN_COMMA = YES;
				CLANG_WARN_CONSTANT_CONVERSION = YES;
				CLANG_WARN_DEPRECATED_OBJC_IMPLEMENTATIONS = YES;
				CLANG_WARN_DIRECT_OBJC_ISA_USAGE = YES_ERROR;
				CLANG_WARN_DOCUMENTATION_COMMENTS = YES;
				CLANG_WARN_EMPTY_BODY = YES;
				CLANG_WARN_ENUM_CONVERSION = YES;
				CLANG_WARN_INFINITE_RECURSION = YES;
				CLANG_WARN_INT_CONVERSION = YES;
				CLANG_WARN_NON_LITERAL_NULL_CONVERSION = YES;
				CLANG_WARN_OBJC_IMPLICIT_RETAIN_SELF = YES;
				CLANG_WARN_OBJC_LITERAL_CONVERSION = YES;
				CLANG_WARN_OBJC_ROOT_CLASS = YES_ERROR;
				CLANG_WARN_QUOTED_INCLUDE_IN_FRAMEWORK_HEADER = YES;
				CLANG_WARN_RANGE_LOOP_ANALYSIS = YES;
				CLANG_WARN_STRICT_PROTOTYPES = YES;
				CLANG_WARN_SUSPICIOUS_MOVE = YES;
				CLANG_WARN_UNGUARDED_AVAILABILITY = YES_AGGRESSIVE;
				CLANG_WARN_UNREACHABLE_CODE = YES;
				CLANG_WARN__DUPLICATE_METHOD_MATCH = YES;
				COPY_PHASE_STRIP = NO;
				DEBUG_INFORMATION_FORMAT = "dwarf-with-dsym";
				ENABLE_NS_ASSERTIONS = NO;
				ENABLE_STRICT_OBJC_MSGSEND = YES;
				GCC_C_LANGUAGE_STANDARD = gnu11;
				GCC_NO_COMMON_BLOCKS = YES;
				GCC_WARN_64_TO_32_BIT_CONVERSION = YES;
				GCC_WARN_ABOUT_RETURN_TYPE = YES_ERROR;
				GCC_WARN_UNDECLARED_SELECTOR = YES;
				GCC_WARN_UNINITIALIZED_AUTOS = YES_AGGRESSIVE;
				GCC_WARN_UNUSED_FUNCTION = YES;
				GCC_WARN_UNUSED_VARIABLE = YES;
				IPHONEOS_DEPLOYMENT_TARGET = 15.0;
				MTL_ENABLE_DEBUG_INFO = NO;
				MTL_FAST_MATH = YES;
				SDKROOT = iphoneos;
				SWIFT_COMPILATION_MODE = wholemodule;
				SWIFT_OPTIMIZATION_LEVEL = "-O";
				VALIDATE_PRODUCT = YES;
			};
			name = Release;
		};
		0D14536C269DA6F500458B46 /* Debug */ = {
			isa = XCBuildConfiguration;
			baseConfigurationReference = 18723D9EAD9FE905B91C4A47 /* Pods-RingtoneApp.debug.xcconfig */;
			buildSettings = {
				ASSETCATALOG_COMPILER_APPICON_NAME = AppIcon;
				ASSETCATALOG_COMPILER_GLOBAL_ACCENT_COLOR_NAME = AccentColor;
				CODE_SIGN_STYLE = Automatic;
				CURRENT_PROJECT_VERSION = 1;
				GENERATE_INFOPLIST_FILE = YES;
				INFOPLIST_FILE = RingtoneApp/Assets/Info.plist;
				INFOPLIST_KEY_CFBundleExecutable = RingtoneApp;
				INFOPLIST_KEY_CFBundleName = RingtoneApp;
				INFOPLIST_KEY_CFBundleVersion = 1;
				INFOPLIST_KEY_UIApplicationSupportsIndirectInputEvents = YES;
				INFOPLIST_KEY_UILaunchStoryboardName = LaunchScreen;
				INFOPLIST_KEY_UISupportedInterfaceOrientations = UIInterfaceOrientationPortrait;
				INFOPLIST_KEY_UISupportedInterfaceOrientations_iPad = "UIInterfaceOrientationPortrait UIInterfaceOrientationPortraitUpsideDown UIInterfaceOrientationLandscapeLeft UIInterfaceOrientationLandscapeRight";
				INFOPLIST_KEY_UISupportedInterfaceOrientations_iPhone = "UIInterfaceOrientationPortrait UIInterfaceOrientationLandscapeLeft UIInterfaceOrientationLandscapeRight";
				IPHONEOS_DEPLOYMENT_TARGET = 12.1;
				LD_RUNPATH_SEARCH_PATHS = (
					"$(inherited)",
					"@executable_path/Frameworks",
				);
				MARKETING_VERSION = 1.0;
				PRODUCT_BUNDLE_IDENTIFIER = com.mobidoo.RingtoneApp;
				PRODUCT_NAME = "$(TARGET_NAME)";
				SWIFT_EMIT_LOC_STRINGS = YES;
				SWIFT_VERSION = 5.0;
				TARGETED_DEVICE_FAMILY = "1,2";
			};
			name = Debug;
		};
		0D14536D269DA6F500458B46 /* Release */ = {
			isa = XCBuildConfiguration;
			baseConfigurationReference = 49A99A64EA5F655E819606F5 /* Pods-RingtoneApp.release.xcconfig */;
			buildSettings = {
				ASSETCATALOG_COMPILER_APPICON_NAME = AppIcon;
				ASSETCATALOG_COMPILER_GLOBAL_ACCENT_COLOR_NAME = AccentColor;
				CODE_SIGN_STYLE = Automatic;
				CURRENT_PROJECT_VERSION = 1;
				GENERATE_INFOPLIST_FILE = YES;
				INFOPLIST_FILE = RingtoneApp/Assets/Info.plist;
				INFOPLIST_KEY_CFBundleExecutable = RingtoneApp;
				INFOPLIST_KEY_CFBundleName = RingtoneApp;
				INFOPLIST_KEY_CFBundleVersion = 1;
				INFOPLIST_KEY_UIApplicationSupportsIndirectInputEvents = YES;
				INFOPLIST_KEY_UILaunchStoryboardName = LaunchScreen;
				INFOPLIST_KEY_UISupportedInterfaceOrientations = UIInterfaceOrientationPortrait;
				INFOPLIST_KEY_UISupportedInterfaceOrientations_iPad = "UIInterfaceOrientationPortrait UIInterfaceOrientationPortraitUpsideDown UIInterfaceOrientationLandscapeLeft UIInterfaceOrientationLandscapeRight";
				INFOPLIST_KEY_UISupportedInterfaceOrientations_iPhone = "UIInterfaceOrientationPortrait UIInterfaceOrientationLandscapeLeft UIInterfaceOrientationLandscapeRight";
				IPHONEOS_DEPLOYMENT_TARGET = 12.1;
				LD_RUNPATH_SEARCH_PATHS = (
					"$(inherited)",
					"@executable_path/Frameworks",
				);
				MARKETING_VERSION = 1.0;
				PRODUCT_BUNDLE_IDENTIFIER = com.mobidoo.RingtoneApp;
				PRODUCT_NAME = "$(TARGET_NAME)";
				SWIFT_EMIT_LOC_STRINGS = YES;
				SWIFT_VERSION = 5.0;
				TARGETED_DEVICE_FAMILY = "1,2";
			};
			name = Release;
		};
/* End XCBuildConfiguration section */

/* Begin XCConfigurationList section */
		0D145352269DA6F400458B46 /* Build configuration list for PBXProject "RingtoneApp" */ = {
			isa = XCConfigurationList;
			buildConfigurations = (
				0D145369269DA6F500458B46 /* Debug */,
				0D14536A269DA6F500458B46 /* Release */,
			);
			defaultConfigurationIsVisible = 0;
			defaultConfigurationName = Release;
		};
		0D14536B269DA6F500458B46 /* Build configuration list for PBXNativeTarget "RingtoneApp" */ = {
			isa = XCConfigurationList;
			buildConfigurations = (
				0D14536C269DA6F500458B46 /* Debug */,
				0D14536D269DA6F500458B46 /* Release */,
			);
			defaultConfigurationIsVisible = 0;
			defaultConfigurationName = Release;
		};
/* End XCConfigurationList section */
	};
	rootObject = 0D14534F269DA6F400458B46 /* Project object */;
}
